{
  "nodes": {
    "caelestia-cli": {
      "inputs": {
        "caelestia-shell": [],
        "nixpkgs": [
          "nixpkgs"
        ]
      },
      "locked": {
        "lastModified": 1778644647,
        "narHash": "sha256-iQIu4b5by8B3qKeigungSIgRoJg9HS1NiIZwqIbCGYk=",
        "owner": "caelestia-dots",
        "repo": "cli",
        "rev": "2ce6213698d1cfa15b4b067d35c3cda634f443dd",
        "type": "github"
      },
      "original": {
        "owner": "caelestia-dots",
        "repo": "cli",
        "type": "github"
      }
    },
    "nixpkgs": {
      "locked": {
        "lastModified": 1778869304,
        "narHash": "sha256-30sZNZoA1cqF5JNO9fVX+wgiQYjB7HJqqJ4ztCDeBZE=",
        "owner": "nixos",
        "repo": "nixpkgs",
        "rev": "d233902339c02a9c334e7e593de68855ad26c4cb",
        "type": "github"
      },
      "original": {
        "owner": "nixos",
        "ref": "nixos-unstable",
        "repo": "nixpkgs",
        "type": "github"
      }
    },
    "quickshell": {
      "inputs": {
        "nixpkgs": [
          "nixpkgs"
        ]
      },
      "locked": {
        "lastModified": 1778488696,
        "narHash": "sha256-QSWgYuZUCNUJ/cxmaq83WkcT7lHQDDfsPVgH+96kIl0=",
        "ref": "refs/heads/master",
        "rev": "7d1c9a9c6721606b129829134d6f614f015621e2",
        "revCount": 818,
        "type": "git",
        "url": "https://git.outfoxxed.me/outfoxxed/quickshell"
      },
      "original": {
        "type": "git",
        "url": "https://git.outfoxxed.me/outfoxxed/quickshell"
      }
    },
    "root": {
      "inputs": {
        "caelestia-cli": "caelestia-cli",
        "nixpkgs": "nixpkgs",
        "quickshell": "quickshell"
      }
    }
  },
  "root": "root",
  "version": 7
}
